
Microsoft Visual Studio Solution File, Format Version 12.00
# Visual Studio Version 17
VisualStudioVersion = 17.7.34031.279
MinimumVisualStudioVersion = 10.0.40219.1
Project("{9A19103F-16F7-4668-BE54-9A1E7A4F7556}") = "WebAPI", "WebAPI\WebAPI.csproj", "{F89344CE-B052-46A8-9949-C37D6EA8BBAB}"
EndProject
Project("{9A19103F-16F7-4668-BE54-9A1E7A4F7556}") = "Persistance.EntityFramework", "Persistance.EntityFramework\Persistance.EntityFramework.csproj", "{357B9EBE-545C-4BEA-8417-EB746AE44991}"
EndProject
Project("{9A19103F-16F7-4668-BE54-9A1E7A4F7556}") = "DAL", "DAL\DAL.csproj", "{014018FC-F68C-4052-82C1-8A380CEBF158}"
EndProject
Project("{9A19103F-16F7-4668-BE54-9A1E7A4F7556}") = "BAL", "BAL\BAL.csproj", "{FC9838C6-F48C-4BE6-8507-67AA5A2D0935}"
EndProject
Project("{9A19103F-16F7-4668-BE54-9A1E7A4F7556}") = "WebUI", "WebUI\WebUI.csproj", "{BC935665-42F8-47E7-9394-FD8E4C54D366}"
EndProject
Global
	GlobalSection(SolutionConfigurationPlatforms) = preSolution
		Debug|Any CPU = Debug|Any CPU
		Release|Any CPU = Release|Any CPU
	EndGlobalSection
	GlobalSection(ProjectConfigurationPlatforms) = postSolution
		{F89344CE-B052-46A8-9949-C37D6EA8BBAB}.Debug|Any CPU.ActiveCfg = Debug|Any CPU
		{F89344CE-B052-46A8-9949-C37D6EA8BBAB}.Debug|Any CPU.Build.0 = Debug|Any CPU
		{F89344CE-B052-46A8-9949-C37D6EA8BBAB}.Release|Any CPU.ActiveCfg = Release|Any CPU
		{F89344CE-B052-46A8-9949-C37D6EA8BBAB}.Release|Any CPU.Build.0 = Release|Any CPU
		{357B9EBE-545C-4BEA-8417-EB746AE44991}.Debug|Any CPU.ActiveCfg = Debug|Any CPU
		{357B9EBE-545C-4BEA-8417-EB746AE44991}.Debug|Any CPU.Build.0 = Debug|Any CPU
		{357B9EBE-545C-4BEA-8417-EB746AE44991}.Release|Any CPU.ActiveCfg = Release|Any CPU
		{357B9EBE-545C-4BEA-8417-EB746AE44991}.Release|Any CPU.Build.0 = Release|Any CPU
		{014018FC-F68C-4052-82C1-8A380CEBF158}.Debug|Any CPU.ActiveCfg = Debug|Any CPU
		{014018FC-F68C-4052-82C1-8A380CEBF158}.Debug|Any CPU.Build.0 = Debug|Any CPU
		{014018FC-F68C-4052-82C1-8A380CEBF158}.Release|Any CPU.ActiveCfg = Release|Any CPU
		{014018FC-F68C-4052-82C1-8A380CEBF158}.Release|Any CPU.Build.0 = Release|Any CPU
		{FC9838C6-F48C-4BE6-8507-67AA5A2D0935}.Debug|Any CPU.ActiveCfg = Debug|Any CPU
		{FC9838C6-F48C-4BE6-8507-67AA5A2D0935}.Debug|Any CPU.Build.0 = Debug|Any CPU
		{FC9838C6-F48C-4BE6-8507-67AA5A2D0935}.Release|Any CPU.ActiveCfg = Release|Any CPU
		{FC9838C6-F48C-4BE6-8507-67AA5A2D0935}.Release|Any CPU.Build.0 = Release|Any CPU
		{BC935665-42F8-47E7-9394-FD8E4C54D366}.Debug|Any CPU.ActiveCfg = Debug|Any CPU
		{BC935665-42F8-47E7-9394-FD8E4C54D366}.Debug|Any CPU.Build.0 = Debug|Any CPU
		{BC935665-42F8-47E7-9394-FD8E4C54D366}.Release|Any CPU.ActiveCfg = Release|Any CPU
		{BC935665-42F8-47E7-9394-FD8E4C54D366}.Release|Any CPU.Build.0 = Release|Any CPU
	EndGlobalSection
	GlobalSection(SolutionProperties) = preSolution
		HideSolutionNode = FALSE
	EndGlobalSection
	GlobalSection(ExtensibilityGlobals) = postSolution
		SolutionGuid = {D06F0339-7FE8-4A73-AF35-C7CD6D4F2234}
	EndGlobalSection
EndGlobal
