
Microsoft Visual Studio Solution File, Format Version 12.00
# Visual Studio Version 17
VisualStudioVersion = 17.7.34031.279
MinimumVisualStudioVersion = 10.0.40219.1
Project("{FAE04EC0-301F-11D3-BF4B-00C04F79EFBC}") = "MegalonCodingTest", "MegalonCodingTest\MegalonCodingTest.csproj", "{1750D564-A348-4F57-AEFA-32CE00D441AF}"
EndProject
Global
	GlobalSection(SolutionConfigurationPlatforms) = preSolution
		Debug|Any CPU = Debug|Any CPU
		Release|Any CPU = Release|Any CPU
	EndGlobalSection
	GlobalSection(ProjectConfigurationPlatforms) = postSolution
		{1750D564-A348-4F57-AEFA-32CE00D441AF}.Debug|Any CPU.ActiveCfg = Debug|Any CPU
		{1750D564-A348-4F57-AEFA-32CE00D441AF}.Debug|Any CPU.Build.0 = Debug|Any CPU
		{1750D564-A348-4F57-AEFA-32CE00D441AF}.Release|Any CPU.ActiveCfg = Release|Any CPU
		{1750D564-A348-4F57-AEFA-32CE00D441AF}.Release|Any CPU.Build.0 = Release|Any CPU
	EndGlobalSection
	GlobalSection(SolutionProperties) = preSolution
		HideSolutionNode = FALSE
	EndGlobalSection
	GlobalSection(ExtensibilityGlobals) = postSolution
		SolutionGuid = {D06F0339-7FE8-4A73-AF35-C7CD6D4F2234}
	EndGlobalSection
EndGlobal
